<?xml version="1.0" encoding="utf-8"?>
<Project ToolsVersion="4.0" xmlns="http://schemas.microsoft.com/developer/msbuild/2003">
  <ItemGroup>
    <ClInclude Include="targetver.h" />
    <ClInclude Include="stdafx.h">
      <Filter>Header Files</Filter>
    </ClInclude>
    <ClInclude Include="..\..\..\CoreLibraryProjects\radar_stream_decoder\Calibration\Vp1\Calib_Logger_lst_Vp1.h">
      <Filter>Source Files\Calibration\V1</Filter>
    </ClInclude>
    <ClInclude Include="..\..\..\CoreLibraryProjects\radar_stream_decoder\Calibration\Vp1\calib_logging_structure.h">
      <Filter>Source Files\Calibration\V1</Filter>
    </ClInclude>
    <ClInclude Include="..\..\..\CoreLibraryProjects\radar_stream_decoder\Calibration\Vp2\Calib_Logger_lst_Vp2.h">
      <Filter>Source Files\Calibration\V2</Filter>
    </ClInclude>
    <ClInclude Include="..\..\..\CoreLibraryProjects\radar_stream_decoder\Calibration\Vp2\calib_logging_structure.h">
      <Filter>Source Files\Calibration\V2</Filter>
    </ClInclude>
    <ClInclude Include="..\..\..\CoreLibraryProjects\radar_stream_decoder\Calibration\usc\Vp1\usc_cal.h">
      <Filter>Source Files\Calibration\usc\Vp1</Filter>
    </ClInclude>
    <ClInclude Include="..\..\..\CoreLibraryProjects\radar_stream_decoder\Calibration\usc\Vp1\usc_calib_Vp1.h">
      <Filter>Source Files\Calibration\usc\Vp1</Filter>
    </ClInclude>
    <ClInclude Include="..\..\..\CoreLibraryProjects\radar_stream_decoder\Calibration\usc\Vp2\usc_cal.h">
      <Filter>Source Files\Calibration\usc\Vp2</Filter>
    </ClInclude>
    <ClInclude Include="..\..\..\CoreLibraryProjects\radar_stream_decoder\Calibration\usc\Vp2\usc_calib_Vp2.h">
      <Filter>Source Files\Calibration\usc\Vp2</Filter>
    </ClInclude>
    <ClInclude Include="..\..\..\CoreLibraryProjects\radar_stream_decoder\Calibration\usc\Vp3\usc_cal.h">
      <Filter>Source Files\Calibration\usc\Vp3</Filter>
    </ClInclude>
    <ClInclude Include="..\..\..\CoreLibraryProjects\radar_stream_decoder\Calibration\usc\Vp3\usc_calib_Vp3.h">
      <Filter>Source Files\Calibration\usc\Vp3</Filter>
    </ClInclude>
    <ClInclude Include="..\..\..\CoreLibraryProjects\radar_stream_decoder\Calibration\usc\usc_wrap.h">
      <Filter>Source Files\Calibration\usc</Filter>
    </ClInclude>
    <ClInclude Include="..\..\..\CoreLibraryProjects\radar_stream_decoder\Calibration\Calib.h">
      <Filter>Source Files\Calibration</Filter>
    </ClInclude>
    <ClInclude Include="hil_embedded_utility.h">
      <Filter>Header Files</Filter>
    </ClInclude>
    <ClInclude Include="PackUDPLogging.h">
      <Filter>Header Files</Filter>
    </ClInclude>
  </ItemGroup>
  <ItemGroup>
    <Filter Include="Source Files">
      <UniqueIdentifier>{e49a45af-591f-4af5-a740-180b54de9dc1}</UniqueIdentifier>
    </Filter>
    <Filter Include="Header Files">
      <UniqueIdentifier>{cd11cbda-3ae8-4443-bc8e-6395b23ff6ee}</UniqueIdentifier>
    </Filter>
    <Filter Include="Source Files\Calibration">
      <UniqueIdentifier>{d23871a7-abde-47aa-aa14-a52852147765}</UniqueIdentifier>
    </Filter>
    <Filter Include="Source Files\Calibration\usc">
      <UniqueIdentifier>{2a9657c4-6032-46b6-b131-b1b2468ffd6b}</UniqueIdentifier>
    </Filter>
    <Filter Include="Source Files\Calibration\usc\Vp3">
      <UniqueIdentifier>{95eabb0a-0b8e-4554-b1d5-0cd5218cdfde}</UniqueIdentifier>
    </Filter>
    <Filter Include="Source Files\Calibration\usc\Vp2">
      <UniqueIdentifier>{f2646557-1662-43b7-ba7e-dda1a1057bd1}</UniqueIdentifier>
    </Filter>
    <Filter Include="Source Files\Calibration\usc\Vp1">
      <UniqueIdentifier>{72f89399-61e8-4ec2-858b-b3759a3442fc}</UniqueIdentifier>
    </Filter>
    <Filter Include="Source Files\Calibration\V2">
      <UniqueIdentifier>{c1ea6874-1244-4a32-8ab5-d75f10444f2f}</UniqueIdentifier>
    </Filter>
    <Filter Include="Source Files\Calibration\V1">
      <UniqueIdentifier>{dfbe35a8-e9de-43ae-81f1-3b50ea74bf34}</UniqueIdentifier>
    </Filter>
  </ItemGroup>
  <ItemGroup>
    <ClCompile Include="stdafx.cpp">
      <Filter>Source Files</Filter>
    </ClCompile>
    <ClCompile Include="radar_udp_dump.cpp">
      <Filter>Source Files</Filter>
    </ClCompile>
    <ClCompile Include="radar_dump_options.cpp">
      <Filter>Source Files</Filter>
    </ClCompile>
    <ClCompile Include="..\..\..\CommonFiles\plugin\PluginLoader.cpp">
      <Filter>Source Files</Filter>
    </ClCompile>
    <ClCompile Include="..\..\..\CoreLibraryProjects\radar_stream_decoder\Calibration\Vp1\Calib_Logger_lst_Vp1.cpp">
      <Filter>Source Files\Calibration\V1</Filter>
    </ClCompile>
    <ClCompile Include="..\..\..\CoreLibraryProjects\radar_stream_decoder\Calibration\Vp2\Calib_Logger_lst_Vp2.cpp">
      <Filter>Source Files\Calibration\V2</Filter>
    </ClCompile>
    <ClCompile Include="..\..\..\CoreLibraryProjects\radar_stream_decoder\Calibration\usc\Vp1\usc_calib_Vp1.cpp">
      <Filter>Source Files\Calibration\usc\Vp1</Filter>
    </ClCompile>
    <ClCompile Include="..\..\..\CoreLibraryProjects\radar_stream_decoder\Calibration\usc\Vp2\usc_calib_Vp2.cpp">
      <Filter>Source Files\Calibration\usc\Vp2</Filter>
    </ClCompile>
    <ClCompile Include="..\..\..\CoreLibraryProjects\radar_stream_decoder\Calibration\usc\Vp3\usc_calib_Vp3.cpp">
      <Filter>Source Files\Calibration\usc\Vp3</Filter>
    </ClCompile>
    <ClCompile Include="..\..\..\CoreLibraryProjects\radar_stream_decoder\Calibration\usc\usc_wrap.cpp">
      <Filter>Source Files\Calibration\usc</Filter>
    </ClCompile>
    <ClCompile Include="..\..\..\CoreLibraryProjects\radar_stream_decoder\Calibration\Calibration.cpp">
      <Filter>Source Files\Calibration</Filter>
    </ClCompile>
    <ClCompile Include="PackUDPLogging.cpp">
      <Filter>Source Files</Filter>
    </ClCompile>
    <ClCompile Include="..\..\..\CommonFiles\helper\compute.c">
      <Filter>Source Files</Filter>
    </ClCompile>
    <ClCompile Include="MUDP_Data_Extracter_Config.cpp">
      <Filter>Source Files</Filter>
    </ClCompile>
  </ItemGroup>
  <ItemGroup>
    <Text Include="ReadMe.txt">
      <Filter>Source Files</Filter>
    </Text>
  </ItemGroup>
</Project>